// !$*UTF8*$!
{
	archiveVersion = 1;
	classes = {
	};
	objectVersion = 50;
	objects = {

/* Begin PBXBuildFile section */
		601BC14C24E7A90400995CF3 /* CourseRow.swift in Sources */ = {isa = PBXBuildFile; fileRef = 601BC14B24E7A90400995CF3 /* CourseRow.swift */; };
		601BC14D24E7A90400995CF3 /* CourseRow.swift in Sources */ = {isa = PBXBuildFile; fileRef = 601BC14B24E7A90400995CF3 /* CourseRow.swift */; };
		601BC14F24E7AFAC00995CF3 /* CoursesView.swift in Sources */ = {isa = PBXBuildFile; fileRef = 601BC14E24E7AFAC00995CF3 /* CoursesView.swift */; };
		601BC15024E7AFAC00995CF3 /* CoursesView.swift in Sources */ = {isa = PBXBuildFile; fileRef = 601BC14E24E7AFAC00995CF3 /* CoursesView.swift */; };
		602A9E7C24EF696D0081D1D9 /* CloseButton.swift in Sources */ = {isa = PBXBuildFile; fileRef = 602A9E7B24EF696D0081D1D9 /* CloseButton.swift */; };
		602A9E7D24EF696D0081D1D9 /* CloseButton.swift in Sources */ = {isa = PBXBuildFile; fileRef = 602A9E7B24EF696D0081D1D9 /* CloseButton.swift */; };
		602A9E7F24EF75050081D1D9 /* CourseDetail.swift in Sources */ = {isa = PBXBuildFile; fileRef = 602A9E7E24EF75050081D1D9 /* CourseDetail.swift */; };
		602A9E8024EF75050081D1D9 /* CourseDetail.swift in Sources */ = {isa = PBXBuildFile; fileRef = 602A9E7E24EF75050081D1D9 /* CourseDetail.swift */; };
		602A9E8824EF892A0081D1D9 /* Livestream.swift in Sources */ = {isa = PBXBuildFile; fileRef = 602A9E8124EF89290081D1D9 /* Livestream.swift */; };
		602A9E8924EF892A0081D1D9 /* Livestream.swift in Sources */ = {isa = PBXBuildFile; fileRef = 602A9E8124EF89290081D1D9 /* Livestream.swift */; };
		602A9E8A24EF892A0081D1D9 /* TutorialSection.swift in Sources */ = {isa = PBXBuildFile; fileRef = 602A9E8224EF89290081D1D9 /* TutorialSection.swift */; };
		602A9E8B24EF892A0081D1D9 /* TutorialSection.swift in Sources */ = {isa = PBXBuildFile; fileRef = 602A9E8224EF89290081D1D9 /* TutorialSection.swift */; };
		602A9E8C24EF892A0081D1D9 /* GradientModel.swift in Sources */ = {isa = PBXBuildFile; fileRef = 602A9E8324EF89290081D1D9 /* GradientModel.swift */; };
		602A9E8D24EF892A0081D1D9 /* GradientModel.swift in Sources */ = {isa = PBXBuildFile; fileRef = 602A9E8324EF89290081D1D9 /* GradientModel.swift */; };
		602A9E8E24EF892A0081D1D9 /* LivestreamSection.swift in Sources */ = {isa = PBXBuildFile; fileRef = 602A9E8424EF89290081D1D9 /* LivestreamSection.swift */; };
		602A9E8F24EF892A0081D1D9 /* LivestreamSection.swift in Sources */ = {isa = PBXBuildFile; fileRef = 602A9E8424EF89290081D1D9 /* LivestreamSection.swift */; };
		602A9E9024EF892A0081D1D9 /* Download.swift in Sources */ = {isa = PBXBuildFile; fileRef = 602A9E8524EF89290081D1D9 /* Download.swift */; };
		602A9E9124EF892A0081D1D9 /* Download.swift in Sources */ = {isa = PBXBuildFile; fileRef = 602A9E8524EF89290081D1D9 /* Download.swift */; };
		602A9E9224EF892A0081D1D9 /* CourseSection.swift in Sources */ = {isa = PBXBuildFile; fileRef = 602A9E8624EF89290081D1D9 /* CourseSection.swift */; };
		602A9E9324EF892A0081D1D9 /* CourseSection.swift in Sources */ = {isa = PBXBuildFile; fileRef = 602A9E8624EF89290081D1D9 /* CourseSection.swift */; };
		602A9E9424EF892A0081D1D9 /* Tutorial.swift in Sources */ = {isa = PBXBuildFile; fileRef = 602A9E8724EF89290081D1D9 /* Tutorial.swift */; };
		602A9E9524EF892A0081D1D9 /* Tutorial.swift in Sources */ = {isa = PBXBuildFile; fileRef = 602A9E8724EF89290081D1D9 /* Tutorial.swift */; };
		6058DBF524E63EAA009ADD6C /* DesignCodeCourseApp.swift in Sources */ = {isa = PBXBuildFile; fileRef = 6058DBE224E63EA8009ADD6C /* DesignCodeCourseApp.swift */; };
		6058DBF624E63EAA009ADD6C /* DesignCodeCourseApp.swift in Sources */ = {isa = PBXBuildFile; fileRef = 6058DBE224E63EA8009ADD6C /* DesignCodeCourseApp.swift */; };
		6058DBF724E63EAA009ADD6C /* ContentView.swift in Sources */ = {isa = PBXBuildFile; fileRef = 6058DBE324E63EA8009ADD6C /* ContentView.swift */; };
		6058DBF824E63EAA009ADD6C /* ContentView.swift in Sources */ = {isa = PBXBuildFile; fileRef = 6058DBE324E63EA8009ADD6C /* ContentView.swift */; };
		6058DBF924E63EAA009ADD6C /* Assets.xcassets in Resources */ = {isa = PBXBuildFile; fileRef = 6058DBE424E63EAA009ADD6C /* Assets.xcassets */; };
		6058DBFA24E63EAA009ADD6C /* Assets.xcassets in Resources */ = {isa = PBXBuildFile; fileRef = 6058DBE424E63EAA009ADD6C /* Assets.xcassets */; };
		606D783224EC4F9800052A92 /* CourseItem.swift in Sources */ = {isa = PBXBuildFile; fileRef = 606D783124EC4F9800052A92 /* CourseItem.swift */; };
		606D783324EC4F9800052A92 /* CourseItem.swift in Sources */ = {isa = PBXBuildFile; fileRef = 606D783124EC4F9800052A92 /* CourseItem.swift */; };
		606D783724EC51C100052A92 /* CourseList.swift in Sources */ = {isa = PBXBuildFile; fileRef = 606D783624EC51C100052A92 /* CourseList.swift */; };
		606D783824EC51C100052A92 /* CourseList.swift in Sources */ = {isa = PBXBuildFile; fileRef = 606D783624EC51C100052A92 /* CourseList.swift */; };
		6081C9E424EAE1D20072C2FB /* Sidebar.swift in Sources */ = {isa = PBXBuildFile; fileRef = 6081C9E324EAE1D20072C2FB /* Sidebar.swift */; };
		6081C9E524EAE1D20072C2FB /* Sidebar.swift in Sources */ = {isa = PBXBuildFile; fileRef = 6081C9E324EAE1D20072C2FB /* Sidebar.swift */; };
		6090905B24F06C810038FAD8 /* VisualEffectBlur.swift in Sources */ = {isa = PBXBuildFile; fileRef = 6090905A24F06C810038FAD8 /* VisualEffectBlur.swift */; };
		6090905D24F06C8B0038FAD8 /* VisualEffectBlur.swift in Sources */ = {isa = PBXBuildFile; fileRef = 6090905C24F06C8B0038FAD8 /* VisualEffectBlur.swift */; };
		6090905F24F202670038FAD8 /* TabBar.swift in Sources */ = {isa = PBXBuildFile; fileRef = 6090905E24F202670038FAD8 /* TabBar.swift */; };
		6090906124F20A160038FAD8 /* CourseSectionDetail.swift in Sources */ = {isa = PBXBuildFile; fileRef = 6090906024F20A160038FAD8 /* CourseSectionDetail.swift */; };
		6090906224F20A160038FAD8 /* CourseSectionDetail.swift in Sources */ = {isa = PBXBuildFile; fileRef = 6090906024F20A160038FAD8 /* CourseSectionDetail.swift */; };
		6090906824F215C60038FAD8 /* LibraryContent.swift in Sources */ = {isa = PBXBuildFile; fileRef = 6090906524F215C60038FAD8 /* LibraryContent.swift */; };
		6090906924F215C60038FAD8 /* LibraryContent.swift in Sources */ = {isa = PBXBuildFile; fileRef = 6090906524F215C60038FAD8 /* LibraryContent.swift */; };
		60FF460D24ED16E2002D70CE /* Course.swift in Sources */ = {isa = PBXBuildFile; fileRef = 60FF460C24ED16E2002D70CE /* Course.swift */; };
		60FF460E24ED16E2002D70CE /* Course.swift in Sources */ = {isa = PBXBuildFile; fileRef = 60FF460C24ED16E2002D70CE /* Course.swift */; };
/* End PBXBuildFile section */

/* Begin PBXFileReference section */
		601BC14B24E7A90400995CF3 /* CourseRow.swift */ = {isa = PBXFileReference; lastKnownFileType = sourcecode.swift; path = CourseRow.swift; sourceTree = "<group>"; };
		601BC14E24E7AFAC00995CF3 /* CoursesView.swift */ = {isa = PBXFileReference; lastKnownFileType = sourcecode.swift; path = CoursesView.swift; sourceTree = "<group>"; };
		602A9E7B24EF696D0081D1D9 /* CloseButton.swift */ = {isa = PBXFileReference; lastKnownFileType = sourcecode.swift; path = CloseButton.swift; sourceTree = "<group>"; };
		602A9E7E24EF75050081D1D9 /* CourseDetail.swift */ = {isa = PBXFileReference; lastKnownFileType = sourcecode.swift; path = CourseDetail.swift; sourceTree = "<group>"; };
		602A9E8124EF89290081D1D9 /* Livestream.swift */ = {isa = PBXFileReference; fileEncoding = 4; lastKnownFileType = sourcecode.swift; name = Livestream.swift; path = "../../../../Downloads/SwiftUI iOS 14/Project files/Model/Livestream.swift"; sourceTree = "<group>"; };
		602A9E8224EF89290081D1D9 /* TutorialSection.swift */ = {isa = PBXFileReference; fileEncoding = 4; lastKnownFileType = sourcecode.swift; name = TutorialSection.swift; path = "../../../../Downloads/SwiftUI iOS 14/Project files/Model/TutorialSection.swift"; sourceTree = "<group>"; };
		602A9E8324EF89290081D1D9 /* GradientModel.swift */ = {isa = PBXFileReference; fileEncoding = 4; lastKnownFileType = sourcecode.swift; name = GradientModel.swift; path = "../../../../Downloads/SwiftUI iOS 14/Project files/Model/GradientModel.swift"; sourceTree = "<group>"; };
		602A9E8424EF89290081D1D9 /* LivestreamSection.swift */ = {isa = PBXFileReference; fileEncoding = 4; lastKnownFileType = sourcecode.swift; name = LivestreamSection.swift; path = "../../../../Downloads/SwiftUI iOS 14/Project files/Model/LivestreamSection.swift"; sourceTree = "<group>"; };
		602A9E8524EF89290081D1D9 /* Download.swift */ = {isa = PBXFileReference; fileEncoding = 4; lastKnownFileType = sourcecode.swift; name = Download.swift; path = "../../../../Downloads/SwiftUI iOS 14/Project files/Model/Download.swift"; sourceTree = "<group>"; };
		602A9E8624EF89290081D1D9 /* CourseSection.swift */ = {isa = PBXFileReference; fileEncoding = 4; lastKnownFileType = sourcecode.swift; name = CourseSection.swift; path = "../../../../Downloads/SwiftUI iOS 14/Project files/Model/CourseSection.swift"; sourceTree = "<group>"; };
		602A9E8724EF89290081D1D9 /* Tutorial.swift */ = {isa = PBXFileReference; fileEncoding = 4; lastKnownFileType = sourcecode.swift; name = Tutorial.swift; path = "../../../../Downloads/SwiftUI iOS 14/Project files/Model/Tutorial.swift"; sourceTree = "<group>"; };
		6058DBE224E63EA8009ADD6C /* DesignCodeCourseApp.swift */ = {isa = PBXFileReference; lastKnownFileType = sourcecode.swift; path = DesignCodeCourseApp.swift; sourceTree = "<group>"; };
		6058DBE324E63EA8009ADD6C /* ContentView.swift */ = {isa = PBXFileReference; lastKnownFileType = sourcecode.swift; path = ContentView.swift; sourceTree = "<group>"; };
		6058DBE424E63EAA009ADD6C /* Assets.xcassets */ = {isa = PBXFileReference; lastKnownFileType = folder.assetcatalog; path = Assets.xcassets; sourceTree = "<group>"; };
		6058DBE924E63EAA009ADD6C /* DesignCodeCourse.app */ = {isa = PBXFileReference; explicitFileType = wrapper.application; includeInIndex = 0; path = DesignCodeCourse.app; sourceTree = BUILT_PRODUCTS_DIR; };
		6058DBEC24E63EAA009ADD6C /* Info.plist */ = {isa = PBXFileReference; lastKnownFileType = text.plist.xml; path = Info.plist; sourceTree = "<group>"; };
		6058DBF124E63EAA009ADD6C /* DesignCodeCourse.app */ = {isa = PBXFileReference; explicitFileType = wrapper.application; includeInIndex = 0; path = DesignCodeCourse.app; sourceTree = BUILT_PRODUCTS_DIR; };
		6058DBF324E63EAA009ADD6C /* Info.plist */ = {isa = PBXFileReference; lastKnownFileType = text.plist.xml; path = Info.plist; sourceTree = "<group>"; };
		6058DBF424E63EAA009ADD6C /* macOS.entitlements */ = {isa = PBXFileReference; lastKnownFileType = text.plist.entitlements; path = macOS.entitlements; sourceTree = "<group>"; };
		606D783124EC4F9800052A92 /* CourseItem.swift */ = {isa = PBXFileReference; lastKnownFileType = sourcecode.swift; path = CourseItem.swift; sourceTree = "<group>"; };
		606D783624EC51C100052A92 /* CourseList.swift */ = {isa = PBXFileReference; lastKnownFileType = sourcecode.swift; path = CourseList.swift; sourceTree = "<group>"; };
		6081C9E324EAE1D20072C2FB /* Sidebar.swift */ = {isa = PBXFileReference; lastKnownFileType = sourcecode.swift; path = Sidebar.swift; sourceTree = "<group>"; };
		6090905A24F06C810038FAD8 /* VisualEffectBlur.swift */ = {isa = PBXFileReference; fileEncoding = 4; lastKnownFileType = sourcecode.swift; path = VisualEffectBlur.swift; sourceTree = "<group>"; };
		6090905C24F06C8B0038FAD8 /* VisualEffectBlur.swift */ = {isa = PBXFileReference; fileEncoding = 4; lastKnownFileType = sourcecode.swift; path = VisualEffectBlur.swift; sourceTree = "<group>"; };
		6090905E24F202670038FAD8 /* TabBar.swift */ = {isa = PBXFileReference; lastKnownFileType = sourcecode.swift; path = TabBar.swift; sourceTree = "<group>"; };
		6090906024F20A160038FAD8 /* CourseSectionDetail.swift */ = {isa = PBXFileReference; lastKnownFileType = sourcecode.swift; path = CourseSectionDetail.swift; sourceTree = "<group>"; };
		6090906524F215C60038FAD8 /* LibraryContent.swift */ = {isa = PBXFileReference; fileEncoding = 4; lastKnownFileType = sourcecode.swift; path = LibraryContent.swift; sourceTree = "<group>"; };
		60FF460C24ED16E2002D70CE /* Course.swift */ = {isa = PBXFileReference; lastKnownFileType = sourcecode.swift; path = Course.swift; sourceTree = "<group>"; };
/* End PBXFileReference section */

/* Begin PBXFrameworksBuildPhase section */
		6058DBE624E63EAA009ADD6C /* Frameworks */ = {
			isa = PBXFrameworksBuildPhase;
			buildActionMask = 2147483647;
			files = (
			);
			runOnlyForDeploymentPostprocessing = 0;
		};
		6058DBEE24E63EAA009ADD6C /* Frameworks */ = {
			isa = PBXFrameworksBuildPhase;
			buildActionMask = 2147483647;
			files = (
			);
			runOnlyForDeploymentPostprocessing = 0;
		};
/* End PBXFrameworksBuildPhase section */

/* Begin PBXGroup section */
		6058DBDC24E63EA8009ADD6C = {
			isa = PBXGroup;
			children = (
				6058DBE124E63EA8009ADD6C /* Shared */,
				6058DBEB24E63EAA009ADD6C /* iOS */,
				6058DBF224E63EAA009ADD6C /* macOS */,
				6058DBEA24E63EAA009ADD6C /* Products */,
			);
			sourceTree = "<group>";
		};
		6058DBE124E63EA8009ADD6C /* Shared */ = {
			isa = PBXGroup;
			children = (
				6058DBE224E63EA8009ADD6C /* DesignCodeCourseApp.swift */,
				606D783424EC50E900052A92 /* Navigation */,
				60FF460F24ED5C7B002D70CE /* Model */,
				606D783524EC510E00052A92 /* Items */,
				6090906324F215C60038FAD8 /* Library */,
				601BC14E24E7AFAC00995CF3 /* CoursesView.swift */,
				602A9E7E24EF75050081D1D9 /* CourseDetail.swift */,
				6090906024F20A160038FAD8 /* CourseSectionDetail.swift */,
				606D783624EC51C100052A92 /* CourseList.swift */,
				6058DBE424E63EAA009ADD6C /* Assets.xcassets */,
			);
			path = Shared;
			sourceTree = "<group>";
		};
		6058DBEA24E63EAA009ADD6C /* Products */ = {
			isa = PBXGroup;
			children = (
				6058DBE924E63EAA009ADD6C /* DesignCodeCourse.app */,
				6058DBF124E63EAA009ADD6C /* DesignCodeCourse.app */,
			);
			name = Products;
			sourceTree = "<group>";
		};
		6058DBEB24E63EAA009ADD6C /* iOS */ = {
			isa = PBXGroup;
			children = (
				6090905A24F06C810038FAD8 /* VisualEffectBlur.swift */,
				6058DBEC24E63EAA009ADD6C /* Info.plist */,
			);
			path = iOS;
			sourceTree = "<group>";
		};
		6058DBF224E63EAA009ADD6C /* macOS */ = {
			isa = PBXGroup;
			children = (
				6090905C24F06C8B0038FAD8 /* VisualEffectBlur.swift */,
				6058DBF324E63EAA009ADD6C /* Info.plist */,
				6058DBF424E63EAA009ADD6C /* macOS.entitlements */,
			);
			path = macOS;
			sourceTree = "<group>";
		};
		606D783424EC50E900052A92 /* Navigation */ = {
			isa = PBXGroup;
			children = (
				6058DBE324E63EA8009ADD6C /* ContentView.swift */,
				6090905E24F202670038FAD8 /* TabBar.swift */,
				6081C9E324EAE1D20072C2FB /* Sidebar.swift */,
			);
			path = Navigation;
			sourceTree = "<group>";
		};
		606D783524EC510E00052A92 /* Items */ = {
			isa = PBXGroup;
			children = (
				606D783124EC4F9800052A92 /* CourseItem.swift */,
				601BC14B24E7A90400995CF3 /* CourseRow.swift */,
			);
			path = Items;
			sourceTree = "<group>";
		};
		6090906324F215C60038FAD8 /* Library */ = {
			isa = PBXGroup;
			children = (
				602A9E7B24EF696D0081D1D9 /* CloseButton.swift */,
				6090906524F215C60038FAD8 /* LibraryContent.swift */,
			);
			path = Library;
			sourceTree = "<group>";
		};
		60FF460F24ED5C7B002D70CE /* Model */ = {
			isa = PBXGroup;
			children = (
				60FF460C24ED16E2002D70CE /* Course.swift */,
				602A9E8624EF89290081D1D9 /* CourseSection.swift */,
				602A9E8524EF89290081D1D9 /* Download.swift */,
				602A9E8324EF89290081D1D9 /* GradientModel.swift */,
				602A9E8124EF89290081D1D9 /* Livestream.swift */,
				602A9E8424EF89290081D1D9 /* LivestreamSection.swift */,
				602A9E8724EF89290081D1D9 /* Tutorial.swift */,
				602A9E8224EF89290081D1D9 /* TutorialSection.swift */,
			);
			path = Model;
			sourceTree = "<group>";
		};
/* End PBXGroup section */

/* Begin PBXNativeTarget section */
		6058DBE824E63EAA009ADD6C /* DesignCodeCourse (iOS) */ = {
			isa = PBXNativeTarget;
			buildConfigurationList = 6058DBFD24E63EAA009ADD6C /* Build configuration list for PBXNativeTarget "DesignCodeCourse (iOS)" */;
			buildPhases = (
				6058DBE524E63EAA009ADD6C /* Sources */,
				6058DBE624E63EAA009ADD6C /* Frameworks */,
				6058DBE724E63EAA009ADD6C /* Resources */,
			);
			buildRules = (
			);
			dependencies = (
			);
			name = "DesignCodeCourse (iOS)";
			productName = "DesignCodeCourse (iOS)";
			productReference = 6058DBE924E63EAA009ADD6C /* DesignCodeCourse.app */;
			productType = "com.apple.product-type.application";
		};
		6058DBF024E63EAA009ADD6C /* DesignCodeCourse (macOS) */ = {
			isa = PBXNativeTarget;
			buildConfigurationList = 6058DC0024E63EAA009ADD6C /* Build configuration list for PBXNativeTarget "DesignCodeCourse (macOS)" */;
			buildPhases = (
				6058DBED24E63EAA009ADD6C /* Sources */,
				6058DBEE24E63EAA009ADD6C /* Frameworks */,
				6058DBEF24E63EAA009ADD6C /* Resources */,
			);
			buildRules = (
			);
			dependencies = (
			);
			name = "DesignCodeCourse (macOS)";
			productName = "DesignCodeCourse (macOS)";
			productReference = 6058DBF124E63EAA009ADD6C /* DesignCodeCourse.app */;
			productType = "com.apple.product-type.application";
		};
/* End PBXNativeTarget section */

/* Begin PBXProject section */
		6058DBDD24E63EA8009ADD6C /* Project object */ = {
			isa = PBXProject;
			attributes = {
				LastSwiftUpdateCheck = 1200;
				LastUpgradeCheck = 1200;
				TargetAttributes = {
					6058DBE824E63EAA009ADD6C = {
						CreatedOnToolsVersion = 12.0;
					};
					6058DBF024E63EAA009ADD6C = {
						CreatedOnToolsVersion = 12.0;
					};
				};
			};
			buildConfigurationList = 6058DBE024E63EA8009ADD6C /* Build configuration list for PBXProject "DesignCodeCourse" */;
			compatibilityVersion = "Xcode 9.3";
			developmentRegion = en;
			hasScannedForEncodings = 0;
			knownRegions = (
				en,
				Base,
			);
			mainGroup = 6058DBDC24E63EA8009ADD6C;
			productRefGroup = 6058DBEA24E63EAA009ADD6C /* Products */;
			projectDirPath = "";
			projectRoot = "";
			targets = (
				6058DBE824E63EAA009ADD6C /* DesignCodeCourse (iOS) */,
				6058DBF024E63EAA009ADD6C /* DesignCodeCourse (macOS) */,
			);
		};
/* End PBXProject section */

/* Begin PBXResourcesBuildPhase section */
		6058DBE724E63EAA009ADD6C /* Resources */ = {
			isa = PBXResourcesBuildPhase;
			buildActionMask = 2147483647;
			files = (
				6058DBF924E63EAA009ADD6C /* Assets.xcassets in Resources */,
			);
			runOnlyForDeploymentPostprocessing = 0;
		};
		6058DBEF24E63EAA009ADD6C /* Resources */ = {
			isa = PBXResourcesBuildPhase;
			buildActionMask = 2147483647;
			files = (
				6058DBFA24E63EAA009ADD6C /* Assets.xcassets in Resources */,
			);
			runOnlyForDeploymentPostprocessing = 0;
		};
/* End PBXResourcesBuildPhase section */

/* Begin PBXSourcesBuildPhase section */
		6058DBE524E63EAA009ADD6C /* Sources */ = {
			isa = PBXSourcesBuildPhase;
			buildActionMask = 2147483647;
			files = (
				60FF460D24ED16E2002D70CE /* Course.swift in Sources */,
				6090906124F20A160038FAD8 /* CourseSectionDetail.swift in Sources */,
				602A9E8A24EF892A0081D1D9 /* TutorialSection.swift in Sources */,
				6090905F24F202670038FAD8 /* TabBar.swift in Sources */,
				602A9E9424EF892A0081D1D9 /* Tutorial.swift in Sources */,
				6081C9E424EAE1D20072C2FB /* Sidebar.swift in Sources */,
				606D783224EC4F9800052A92 /* CourseItem.swift in Sources */,
				6090906824F215C60038FAD8 /* LibraryContent.swift in Sources */,
				602A9E9224EF892A0081D1D9 /* CourseSection.swift in Sources */,
				602A9E7F24EF75050081D1D9 /* CourseDetail.swift in Sources */,
				602A9E7C24EF696D0081D1D9 /* CloseButton.swift in Sources */,
				6058DBF724E63EAA009ADD6C /* ContentView.swift in Sources */,
				602A9E8824EF892A0081D1D9 /* Livestream.swift in Sources */,
				601BC14C24E7A90400995CF3 /* CourseRow.swift in Sources */,
				602A9E9024EF892A0081D1D9 /* Download.swift in Sources */,
				602A9E8C24EF892A0081D1D9 /* GradientModel.swift in Sources */,
				6058DBF524E63EAA009ADD6C /* DesignCodeCourseApp.swift in Sources */,
				602A9E8E24EF892A0081D1D9 /* LivestreamSection.swift in Sources */,
				6090905B24F06C810038FAD8 /* VisualEffectBlur.swift in Sources */,
				601BC14F24E7AFAC00995CF3 /* CoursesView.swift in Sources */,
				606D783724EC51C100052A92 /* CourseList.swift in Sources */,
			);
			runOnlyForDeploymentPostprocessing = 0;
		};
		6058DBED24E63EAA009ADD6C /* Sources */ = {
			isa = PBXSourcesBuildPhase;
			buildActionMask = 2147483647;
			files = (
				60FF460E24ED16E2002D70CE /* Course.swift in Sources */,
				602A9E8B24EF892A0081D1D9 /* TutorialSection.swift in Sources */,
				602A9E9524EF892A0081D1D9 /* Tutorial.swift in Sources */,
				6081C9E524EAE1D20072C2FB /* Sidebar.swift in Sources */,
				606D783324EC4F9800052A92 /* CourseItem.swift in Sources */,
				602A9E9324EF892A0081D1D9 /* CourseSection.swift in Sources */,
				602A9E8024EF75050081D1D9 /* CourseDetail.swift in Sources */,
				602A9E7D24EF696D0081D1D9 /* CloseButton.swift in Sources */,
				6090906224F20A160038FAD8 /* CourseSectionDetail.swift in Sources */,
				6058DBF824E63EAA009ADD6C /* ContentView.swift in Sources */,
				602A9E8924EF892A0081D1D9 /* Livestream.swift in Sources */,
				601BC14D24E7A90400995CF3 /* CourseRow.swift in Sources */,
				602A9E9124EF892A0081D1D9 /* Download.swift in Sources */,
				602A9E8D24EF892A0081D1D9 /* GradientModel.swift in Sources */,
				6058DBF624E63EAA009ADD6C /* DesignCodeCourseApp.swift in Sources */,
				602A9E8F24EF892A0081D1D9 /* LivestreamSection.swift in Sources */,
				6090905D24F06C8B0038FAD8 /* VisualEffectBlur.swift in Sources */,
				601BC15024E7AFAC00995CF3 /* CoursesView.swift in Sources */,
				6090906924F215C60038FAD8 /* LibraryContent.swift in Sources */,
				606D783824EC51C100052A92 /* CourseList.swift in Sources */,
			);
			runOnlyForDeploymentPostprocessing = 0;
		};
/* End PBXSourcesBuildPhase section */

/* Begin XCBuildConfiguration section */
		6058DBFB24E63EAA009ADD6C /* Debug */ = {
			isa = XCBuildConfiguration;
			buildSettings = {
				ALWAYS_SEARCH_USER_PATHS = NO;
				CLANG_ANALYZER_NONNULL = YES;
				CLANG_ANALYZER_NUMBER_OBJECT_CONVERSION = YES_AGGRESSIVE;
				CLANG_CXX_LANGUAGE_STANDARD = "gnu++14";
				CLANG_CXX_LIBRARY = "libc++";
				CLANG_ENABLE_MODULES = YES;
				CLANG_ENABLE_OBJC_ARC = YES;
				CLANG_ENABLE_OBJC_WEAK = YES;
				CLANG_WARN_BLOCK_CAPTURE_AUTORELEASING = YES;
				CLANG_WARN_BOOL_CONVERSION = YES;
				CLANG_WARN_COMMA = YES;
				CLANG_WARN_CONSTANT_CONVERSION = YES;
				CLANG_WARN_DEPRECATED_OBJC_IMPLEMENTATIONS = YES;
				CLANG_WARN_DIRECT_OBJC_ISA_USAGE = YES_ERROR;
				CLANG_WARN_DOCUMENTATION_COMMENTS = YES;
				CLANG_WARN_EMPTY_BODY = YES;
				CLANG_WARN_ENUM_CONVERSION = YES;
				CLANG_WARN_INFINITE_RECURSION = YES;
				CLANG_WARN_INT_CONVERSION = YES;
				CLANG_WARN_NON_LITERAL_NULL_CONVERSION = YES;
				CLANG_WARN_OBJC_IMPLICIT_RETAIN_SELF = YES;
				CLANG_WARN_OBJC_LITERAL_CONVERSION = YES;
				CLANG_WARN_OBJC_ROOT_CLASS = YES_ERROR;
				CLANG_WARN_QUOTED_INCLUDE_IN_FRAMEWORK_HEADER = YES;
				CLANG_WARN_RANGE_LOOP_ANALYSIS = YES;
				CLANG_WARN_STRICT_PROTOTYPES = YES;
				CLANG_WARN_SUSPICIOUS_MOVE = YES;
				CLANG_WARN_UNGUARDED_AVAILABILITY = YES_AGGRESSIVE;
				CLANG_WARN_UNREACHABLE_CODE = YES;
				CLANG_WARN__DUPLICATE_METHOD_MATCH = YES;
				COPY_PHASE_STRIP = NO;
				DEBUG_INFORMATION_FORMAT = dwarf;
				ENABLE_STRICT_OBJC_MSGSEND = YES;
				ENABLE_TESTABILITY = YES;
				GCC_C_LANGUAGE_STANDARD = gnu11;
				GCC_DYNAMIC_NO_PIC = NO;
				GCC_NO_COMMON_BLOCKS = YES;
				GCC_OPTIMIZATION_LEVEL = 0;
				GCC_PREPROCESSOR_DEFINITIONS = (
					"DEBUG=1",
					"$(inherited)",
				);
				GCC_WARN_64_TO_32_BIT_CONVERSION = YES;
				GCC_WARN_ABOUT_RETURN_TYPE = YES_ERROR;
				GCC_WARN_UNDECLARED_SELECTOR = YES;
				GCC_WARN_UNINITIALIZED_AUTOS = YES_AGGRESSIVE;
				GCC_WARN_UNUSED_FUNCTION = YES;
				GCC_WARN_UNUSED_VARIABLE = YES;
				MTL_ENABLE_DEBUG_INFO = INCLUDE_SOURCE;
				MTL_FAST_MATH = YES;
				ONLY_ACTIVE_ARCH = YES;
				SWIFT_ACTIVE_COMPILATION_CONDITIONS = DEBUG;
				SWIFT_OPTIMIZATION_LEVEL = "-Onone";
			};
			name = Debug;
		};
		6058DBFC24E63EAA009ADD6C /* Release */ = {
			isa = XCBuildConfiguration;
			buildSettings = {
				ALWAYS_SEARCH_USER_PATHS = NO;
				CLANG_ANALYZER_NONNULL = YES;
				CLANG_ANALYZER_NUMBER_OBJECT_CONVERSION = YES_AGGRESSIVE;
				CLANG_CXX_LANGUAGE_STANDARD = "gnu++14";
				CLANG_CXX_LIBRARY = "libc++";
				CLANG_ENABLE_MODULES = YES;
				CLANG_ENABLE_OBJC_ARC = YES;
				CLANG_ENABLE_OBJC_WEAK = YES;
				CLANG_WARN_BLOCK_CAPTURE_AUTORELEASING = YES;
				CLANG_WARN_BOOL_CONVERSION = YES;
				CLANG_WARN_COMMA = YES;
				CLANG_WARN_CONSTANT_CONVERSION = YES;
				CLANG_WARN_DEPRECATED_OBJC_IMPLEMENTATIONS = YES;
				CLANG_WARN_DIRECT_OBJC_ISA_USAGE = YES_ERROR;
				CLANG_WARN_DOCUMENTATION_COMMENTS = YES;
				CLANG_WARN_EMPTY_BODY = YES;
				CLANG_WARN_ENUM_CONVERSION = YES;
				CLANG_WARN_INFINITE_RECURSION = YES;
				CLANG_WARN_INT_CONVERSION = YES;
				CLANG_WARN_NON_LITERAL_NULL_CONVERSION = YES;
				CLANG_WARN_OBJC_IMPLICIT_RETAIN_SELF = YES;
				CLANG_WARN_OBJC_LITERAL_CONVERSION = YES;
				CLANG_WARN_OBJC_ROOT_CLASS = YES_ERROR;
				CLANG_WARN_QUOTED_INCLUDE_IN_FRAMEWORK_HEADER = YES;
				CLANG_WARN_RANGE_LOOP_ANALYSIS = YES;
				CLANG_WARN_STRICT_PROTOTYPES = YES;
				CLANG_WARN_SUSPICIOUS_MOVE = YES;
				CLANG_WARN_UNGUARDED_AVAILABILITY = YES_AGGRESSIVE;
				CLANG_WARN_UNREACHABLE_CODE = YES;
				CLANG_WARN__DUPLICATE_METHOD_MATCH = YES;
				COPY_PHASE_STRIP = NO;
				DEBUG_INFORMATION_FORMAT = "dwarf-with-dsym";
				ENABLE_NS_ASSERTIONS = NO;
				ENABLE_STRICT_OBJC_MSGSEND = YES;
				GCC_C_LANGUAGE_STANDARD = gnu11;
				GCC_NO_COMMON_BLOCKS = YES;
				GCC_WARN_64_TO_32_BIT_CONVERSION = YES;
				GCC_WARN_ABOUT_RETURN_TYPE = YES_ERROR;
				GCC_WARN_UNDECLARED_SELECTOR = YES;
				GCC_WARN_UNINITIALIZED_AUTOS = YES_AGGRESSIVE;
				GCC_WARN_UNUSED_FUNCTION = YES;
				GCC_WARN_UNUSED_VARIABLE = YES;
				MTL_ENABLE_DEBUG_INFO = NO;
				MTL_FAST_MATH = YES;
				SWIFT_COMPILATION_MODE = wholemodule;
				SWIFT_OPTIMIZATION_LEVEL = "-O";
			};
			name = Release;
		};
		6058DBFE24E63EAA009ADD6C /* Debug */ = {
			isa = XCBuildConfiguration;
			buildSettings = {
				ASSETCATALOG_COMPILER_APPICON_NAME = AppIcon;
				ASSETCATALOG_COMPILER_GLOBAL_ACCENT_COLOR_NAME = AccentColor;
				CODE_SIGN_STYLE = Automatic;
				DEVELOPMENT_TEAM = UDP9QHRJQB;
				ENABLE_PREVIEWS = YES;
				INFOPLIST_FILE = iOS/Info.plist;
				IPHONEOS_DEPLOYMENT_TARGET = 14.0;
				LD_RUNPATH_SEARCH_PATHS = (
					"$(inherited)",
					"@executable_path/Frameworks",
				);
				PRODUCT_BUNDLE_IDENTIFIER = com.aivarsmeijers.DesignCodeCourse;
				PRODUCT_NAME = DesignCodeCourse;
				SDKROOT = iphoneos;
				SWIFT_VERSION = 5.0;
				TARGETED_DEVICE_FAMILY = "1,2";
			};
			name = Debug;
		};
		6058DBFF24E63EAA009ADD6C /* Release */ = {
			isa = XCBuildConfiguration;
			buildSettings = {
				ASSETCATALOG_COMPILER_APPICON_NAME = AppIcon;
				ASSETCATALOG_COMPILER_GLOBAL_ACCENT_COLOR_NAME = AccentColor;
				CODE_SIGN_STYLE = Automatic;
				DEVELOPMENT_TEAM = UDP9QHRJQB;
				ENABLE_PREVIEWS = YES;
				INFOPLIST_FILE = iOS/Info.plist;
				IPHONEOS_DEPLOYMENT_TARGET = 14.0;
				LD_RUNPATH_SEARCH_PATHS = (
					"$(inherited)",
					"@executable_path/Frameworks",
				);
				PRODUCT_BUNDLE_IDENTIFIER = com.aivarsmeijers.DesignCodeCourse;
				PRODUCT_NAME = DesignCodeCourse;
				SDKROOT = iphoneos;
				SWIFT_VERSION = 5.0;
				TARGETED_DEVICE_FAMILY = "1,2";
				VALIDATE_PRODUCT = YES;
			};
			name = Release;
		};
		6058DC0124E63EAA009ADD6C /* Debug */ = {
			isa = XCBuildConfiguration;
			buildSettings = {
				ASSETCATALOG_COMPILER_APPICON_NAME = AppIcon;
				ASSETCATALOG_COMPILER_GLOBAL_ACCENT_COLOR_NAME = AccentColor;
				CODE_SIGN_ENTITLEMENTS = macOS/macOS.entitlements;
				CODE_SIGN_STYLE = Automatic;
				COMBINE_HIDPI_IMAGES = YES;
				DEVELOPMENT_TEAM = UDP9QHRJQB;
				ENABLE_HARDENED_RUNTIME = YES;
				ENABLE_PREVIEWS = YES;
				INFOPLIST_FILE = macOS/Info.plist;
				LD_RUNPATH_SEARCH_PATHS = (
					"$(inherited)",
					"@executable_path/../Frameworks",
				);
				MACOSX_DEPLOYMENT_TARGET = 11.0;
				PRODUCT_BUNDLE_IDENTIFIER = com.aivarsmeijers.DesignCodeCourse;
				PRODUCT_NAME = DesignCodeCourse;
				SDKROOT = macosx;
				SWIFT_VERSION = 5.0;
			};
			name = Debug;
		};
		6058DC0224E63EAA009ADD6C /* Release */ = {
			isa = XCBuildConfiguration;
			buildSettings = {
				ASSETCATALOG_COMPILER_APPICON_NAME = AppIcon;
				ASSETCATALOG_COMPILER_GLOBAL_ACCENT_COLOR_NAME = AccentColor;
				CODE_SIGN_ENTITLEMENTS = macOS/macOS.entitlements;
				CODE_SIGN_STYLE = Automatic;
				COMBINE_HIDPI_IMAGES = YES;
				DEVELOPMENT_TEAM = UDP9QHRJQB;
				ENABLE_HARDENED_RUNTIME = YES;
				ENABLE_PREVIEWS = YES;
				INFOPLIST_FILE = macOS/Info.plist;
				LD_RUNPATH_SEARCH_PATHS = (
					"$(inherited)",
					"@executable_path/../Frameworks",
				);
				MACOSX_DEPLOYMENT_TARGET = 11.0;
				PRODUCT_BUNDLE_IDENTIFIER = com.aivarsmeijers.DesignCodeCourse;
				PRODUCT_NAME = DesignCodeCourse;
				SDKROOT = macosx;
				SWIFT_VERSION = 5.0;
			};
			name = Release;
		};
/* End XCBuildConfiguration section */

/* Begin XCConfigurationList section */
		6058DBE024E63EA8009ADD6C /* Build configuration list for PBXProject "DesignCodeCourse" */ = {
			isa = XCConfigurationList;
			buildConfigurations = (
				6058DBFB24E63EAA009ADD6C /* Debug */,
				6058DBFC24E63EAA009ADD6C /* Release */,
			);
			defaultConfigurationIsVisible = 0;
			defaultConfigurationName = Release;
		};
		6058DBFD24E63EAA009ADD6C /* Build configuration list for PBXNativeTarget "DesignCodeCourse (iOS)" */ = {
			isa = XCConfigurationList;
			buildConfigurations = (
				6058DBFE24E63EAA009ADD6C /* Debug */,
				6058DBFF24E63EAA009ADD6C /* Release */,
			);
			defaultConfigurationIsVisible = 0;
			defaultConfigurationName = Release;
		};
		6058DC0024E63EAA009ADD6C /* Build configuration list for PBXNativeTarget "DesignCodeCourse (macOS)" */ = {
			isa = XCConfigurationList;
			buildConfigurations = (
				6058DC0124E63EAA009ADD6C /* Debug */,
				6058DC0224E63EAA009ADD6C /* Release */,
			);
			defaultConfigurationIsVisible = 0;
			defaultConfigurationName = Release;
		};
/* End XCConfigurationList section */
	};
	rootObject = 6058DBDD24E63EA8009ADD6C /* Project object */;
}
